
Microsoft Visual Studio Solution File, Format Version 12.00
# Visual Studio Version 17
VisualStudioVersion = 17.12.35707.178 d17.12
MinimumVisualStudioVersion = 10.0.40219.1
Project("{FAE04EC0-301F-11D3-BF4B-00C04F79EFBC}") = "POO", "POO\POO.csproj", "{1316C16A-E6D4-42B4-903D-DA6AE08F0AB2}"
EndProject
Project("{FAE04EC0-301F-11D3-BF4B-00C04F79EFBC}") = "Exercicio", "Exercicio\Exercicio.csproj", "{002EE19D-886F-463A-87A5-E0102512CCCE}"
EndProject
Global
	GlobalSection(SolutionConfigurationPlatforms) = preSolution
		Debug|Any CPU = Debug|Any CPU
		Release|Any CPU = Release|Any CPU
	EndGlobalSection
	GlobalSection(ProjectConfigurationPlatforms) = postSolution
		{1316C16A-E6D4-42B4-903D-DA6AE08F0AB2}.Debug|Any CPU.ActiveCfg = Debug|Any CPU
		{1316C16A-E6D4-42B4-903D-DA6AE08F0AB2}.Debug|Any CPU.Build.0 = Debug|Any CPU
		{1316C16A-E6D4-42B4-903D-DA6AE08F0AB2}.Release|Any CPU.ActiveCfg = Release|Any CPU
		{1316C16A-E6D4-42B4-903D-DA6AE08F0AB2}.Release|Any CPU.Build.0 = Release|Any CPU
		{002EE19D-886F-463A-87A5-E0102512CCCE}.Debug|Any CPU.ActiveCfg = Debug|Any CPU
		{002EE19D-886F-463A-87A5-E0102512CCCE}.Debug|Any CPU.Build.0 = Debug|Any CPU
		{002EE19D-886F-463A-87A5-E0102512CCCE}.Release|Any CPU.ActiveCfg = Release|Any CPU
		{002EE19D-886F-463A-87A5-E0102512CCCE}.Release|Any CPU.Build.0 = Release|Any CPU
	EndGlobalSection
	GlobalSection(SolutionProperties) = preSolution
		HideSolutionNode = FALSE
	EndGlobalSection
EndGlobal
